
Microsoft Visual Studio Solution File, Format Version 12.00
# Visual Studio 14
VisualStudioVersion = 14.0.24720.0
MinimumVisualStudioVersion = 10.0.40219.1
Project("{FAE04EC0-301F-11D3-BF4B-00C04F79EFBC}") = "Tehtava1", "Tehtava1.csproj", "{3F3FAD29-18C4-4D0D-9D91-9E405903AC2D}"
EndProject
Project("{FAE04EC0-301F-11D3-BF4B-00C04F79EFBC}") = "Tehtava4+", "..\Tehtava4+\Tehtava4+.csproj", "{DB9326EC-CF3C-4988-8EC9-D5FB2B56FD65}"
EndProject
Project("{FAE04EC0-301F-11D3-BF4B-00C04F79EFBC}") = "Tehtava2", "..\Tehtava2\Tehtava2.csproj", "{B8FFA738-6A8E-4C64-8451-D3C6E1686824}"
EndProject
Project("{FAE04EC0-301F-11D3-BF4B-00C04F79EFBC}") = "Tehtava3", "..\Tehtava3\Tehtava3.csproj", "{7D0FE1D3-BC2E-4CDC-83A8-45AEA0918A07}"
EndProject
Global
	GlobalSection(SolutionConfigurationPlatforms) = preSolution
		Debug|Any CPU = Debug|Any CPU
		Release|Any CPU = Release|Any CPU
	EndGlobalSection
	GlobalSection(ProjectConfigurationPlatforms) = postSolution
		{3F3FAD29-18C4-4D0D-9D91-9E405903AC2D}.Debug|Any CPU.ActiveCfg = Debug|Any CPU
		{3F3FAD29-18C4-4D0D-9D91-9E405903AC2D}.Debug|Any CPU.Build.0 = Debug|Any CPU
		{3F3FAD29-18C4-4D0D-9D91-9E405903AC2D}.Release|Any CPU.ActiveCfg = Release|Any CPU
		{3F3FAD29-18C4-4D0D-9D91-9E405903AC2D}.Release|Any CPU.Build.0 = Release|Any CPU
		{DB9326EC-CF3C-4988-8EC9-D5FB2B56FD65}.Debug|Any CPU.ActiveCfg = Debug|Any CPU
		{DB9326EC-CF3C-4988-8EC9-D5FB2B56FD65}.Debug|Any CPU.Build.0 = Debug|Any CPU
		{DB9326EC-CF3C-4988-8EC9-D5FB2B56FD65}.Release|Any CPU.ActiveCfg = Release|Any CPU
		{DB9326EC-CF3C-4988-8EC9-D5FB2B56FD65}.Release|Any CPU.Build.0 = Release|Any CPU
		{B8FFA738-6A8E-4C64-8451-D3C6E1686824}.Debug|Any CPU.ActiveCfg = Debug|Any CPU
		{B8FFA738-6A8E-4C64-8451-D3C6E1686824}.Debug|Any CPU.Build.0 = Debug|Any CPU
		{B8FFA738-6A8E-4C64-8451-D3C6E1686824}.Release|Any CPU.ActiveCfg = Release|Any CPU
		{B8FFA738-6A8E-4C64-8451-D3C6E1686824}.Release|Any CPU.Build.0 = Release|Any CPU
		{7D0FE1D3-BC2E-4CDC-83A8-45AEA0918A07}.Debug|Any CPU.ActiveCfg = Debug|Any CPU
		{7D0FE1D3-BC2E-4CDC-83A8-45AEA0918A07}.Debug|Any CPU.Build.0 = Debug|Any CPU
		{7D0FE1D3-BC2E-4CDC-83A8-45AEA0918A07}.Release|Any CPU.ActiveCfg = Release|Any CPU
		{7D0FE1D3-BC2E-4CDC-83A8-45AEA0918A07}.Release|Any CPU.Build.0 = Release|Any CPU
	EndGlobalSection
	GlobalSection(SolutionProperties) = preSolution
		HideSolutionNode = FALSE
	EndGlobalSection
EndGlobal
