
Microsoft Visual Studio Solution File, Format Version 12.00
# Visual Studio 14
VisualStudioVersion = 14.0.24720.0
MinimumVisualStudioVersion = 10.0.40219.1
Project("{FAE04EC0-301F-11D3-BF4B-00C04F79EFBC}") = "Harjoitus1", "Harjoitus1\Harjoitus1.csproj", "{12F19688-2347-40D7-80D8-9101AE3520F2}"
EndProject
Project("{FAE04EC0-301F-11D3-BF4B-00C04F79EFBC}") = "RSS-feed", "RSS-feed\RSS-feed.csproj", "{46807D2C-3BEF-472F-9DD5-3A7A81386D49}"
EndProject
Project("{FAE04EC0-301F-11D3-BF4B-00C04F79EFBC}") = "Text-Saving-Reading", "Text-Saving-Reading\Text-Saving-Reading.csproj", "{23CC1872-0B94-46FB-84F5-4152E3B42E14}"
EndProject
Project("{FAE04EC0-301F-11D3-BF4B-00C04F79EFBC}") = "DispatcherTimer", "DispatcherTimer\DispatcherTimer.csproj", "{160A8676-9631-4037-AEC0-8F41A0B273F0}"
EndProject
Global
	GlobalSection(SolutionConfigurationPlatforms) = preSolution
		Debug|ARM = Debug|ARM
		Debug|x64 = Debug|x64
		Debug|x86 = Debug|x86
		Release|ARM = Release|ARM
		Release|x64 = Release|x64
		Release|x86 = Release|x86
	EndGlobalSection
	GlobalSection(ProjectConfigurationPlatforms) = postSolution
		{12F19688-2347-40D7-80D8-9101AE3520F2}.Debug|ARM.ActiveCfg = Debug|ARM
		{12F19688-2347-40D7-80D8-9101AE3520F2}.Debug|ARM.Build.0 = Debug|ARM
		{12F19688-2347-40D7-80D8-9101AE3520F2}.Debug|ARM.Deploy.0 = Debug|ARM
		{12F19688-2347-40D7-80D8-9101AE3520F2}.Debug|x64.ActiveCfg = Debug|x64
		{12F19688-2347-40D7-80D8-9101AE3520F2}.Debug|x64.Build.0 = Debug|x64
		{12F19688-2347-40D7-80D8-9101AE3520F2}.Debug|x64.Deploy.0 = Debug|x64
		{12F19688-2347-40D7-80D8-9101AE3520F2}.Debug|x86.ActiveCfg = Debug|x86
		{12F19688-2347-40D7-80D8-9101AE3520F2}.Debug|x86.Build.0 = Debug|x86
		{12F19688-2347-40D7-80D8-9101AE3520F2}.Debug|x86.Deploy.0 = Debug|x86
		{12F19688-2347-40D7-80D8-9101AE3520F2}.Release|ARM.ActiveCfg = Release|ARM
		{12F19688-2347-40D7-80D8-9101AE3520F2}.Release|ARM.Build.0 = Release|ARM
		{12F19688-2347-40D7-80D8-9101AE3520F2}.Release|ARM.Deploy.0 = Release|ARM
		{12F19688-2347-40D7-80D8-9101AE3520F2}.Release|x64.ActiveCfg = Release|x64
		{12F19688-2347-40D7-80D8-9101AE3520F2}.Release|x64.Build.0 = Release|x64
		{12F19688-2347-40D7-80D8-9101AE3520F2}.Release|x64.Deploy.0 = Release|x64
		{12F19688-2347-40D7-80D8-9101AE3520F2}.Release|x86.ActiveCfg = Release|x86
		{12F19688-2347-40D7-80D8-9101AE3520F2}.Release|x86.Build.0 = Release|x86
		{12F19688-2347-40D7-80D8-9101AE3520F2}.Release|x86.Deploy.0 = Release|x86
		{46807D2C-3BEF-472F-9DD5-3A7A81386D49}.Debug|ARM.ActiveCfg = Debug|ARM
		{46807D2C-3BEF-472F-9DD5-3A7A81386D49}.Debug|ARM.Build.0 = Debug|ARM
		{46807D2C-3BEF-472F-9DD5-3A7A81386D49}.Debug|ARM.Deploy.0 = Debug|ARM
		{46807D2C-3BEF-472F-9DD5-3A7A81386D49}.Debug|x64.ActiveCfg = Debug|x64
		{46807D2C-3BEF-472F-9DD5-3A7A81386D49}.Debug|x64.Build.0 = Debug|x64
		{46807D2C-3BEF-472F-9DD5-3A7A81386D49}.Debug|x64.Deploy.0 = Debug|x64
		{46807D2C-3BEF-472F-9DD5-3A7A81386D49}.Debug|x86.ActiveCfg = Debug|x86
		{46807D2C-3BEF-472F-9DD5-3A7A81386D49}.Debug|x86.Build.0 = Debug|x86
		{46807D2C-3BEF-472F-9DD5-3A7A81386D49}.Debug|x86.Deploy.0 = Debug|x86
		{46807D2C-3BEF-472F-9DD5-3A7A81386D49}.Release|ARM.ActiveCfg = Release|ARM
		{46807D2C-3BEF-472F-9DD5-3A7A81386D49}.Release|ARM.Build.0 = Release|ARM
		{46807D2C-3BEF-472F-9DD5-3A7A81386D49}.Release|ARM.Deploy.0 = Release|ARM
		{46807D2C-3BEF-472F-9DD5-3A7A81386D49}.Release|x64.ActiveCfg = Release|x64
		{46807D2C-3BEF-472F-9DD5-3A7A81386D49}.Release|x64.Build.0 = Release|x64
		{46807D2C-3BEF-472F-9DD5-3A7A81386D49}.Release|x64.Deploy.0 = Release|x64
		{46807D2C-3BEF-472F-9DD5-3A7A81386D49}.Release|x86.ActiveCfg = Release|x86
		{46807D2C-3BEF-472F-9DD5-3A7A81386D49}.Release|x86.Build.0 = Release|x86
		{46807D2C-3BEF-472F-9DD5-3A7A81386D49}.Release|x86.Deploy.0 = Release|x86
		{23CC1872-0B94-46FB-84F5-4152E3B42E14}.Debug|ARM.ActiveCfg = Debug|ARM
		{23CC1872-0B94-46FB-84F5-4152E3B42E14}.Debug|ARM.Build.0 = Debug|ARM
		{23CC1872-0B94-46FB-84F5-4152E3B42E14}.Debug|ARM.Deploy.0 = Debug|ARM
		{23CC1872-0B94-46FB-84F5-4152E3B42E14}.Debug|x64.ActiveCfg = Debug|x64
		{23CC1872-0B94-46FB-84F5-4152E3B42E14}.Debug|x64.Build.0 = Debug|x64
		{23CC1872-0B94-46FB-84F5-4152E3B42E14}.Debug|x64.Deploy.0 = Debug|x64
		{23CC1872-0B94-46FB-84F5-4152E3B42E14}.Debug|x86.ActiveCfg = Debug|x86
		{23CC1872-0B94-46FB-84F5-4152E3B42E14}.Debug|x86.Build.0 = Debug|x86
		{23CC1872-0B94-46FB-84F5-4152E3B42E14}.Debug|x86.Deploy.0 = Debug|x86
		{23CC1872-0B94-46FB-84F5-4152E3B42E14}.Release|ARM.ActiveCfg = Release|ARM
		{23CC1872-0B94-46FB-84F5-4152E3B42E14}.Release|ARM.Build.0 = Release|ARM
		{23CC1872-0B94-46FB-84F5-4152E3B42E14}.Release|ARM.Deploy.0 = Release|ARM
		{23CC1872-0B94-46FB-84F5-4152E3B42E14}.Release|x64.ActiveCfg = Release|x64
		{23CC1872-0B94-46FB-84F5-4152E3B42E14}.Release|x64.Build.0 = Release|x64
		{23CC1872-0B94-46FB-84F5-4152E3B42E14}.Release|x64.Deploy.0 = Release|x64
		{23CC1872-0B94-46FB-84F5-4152E3B42E14}.Release|x86.ActiveCfg = Release|x86
		{23CC1872-0B94-46FB-84F5-4152E3B42E14}.Release|x86.Build.0 = Release|x86
		{23CC1872-0B94-46FB-84F5-4152E3B42E14}.Release|x86.Deploy.0 = Release|x86
		{160A8676-9631-4037-AEC0-8F41A0B273F0}.Debug|ARM.ActiveCfg = Debug|ARM
		{160A8676-9631-4037-AEC0-8F41A0B273F0}.Debug|ARM.Build.0 = Debug|ARM
		{160A8676-9631-4037-AEC0-8F41A0B273F0}.Debug|ARM.Deploy.0 = Debug|ARM
		{160A8676-9631-4037-AEC0-8F41A0B273F0}.Debug|x64.ActiveCfg = Debug|x64
		{160A8676-9631-4037-AEC0-8F41A0B273F0}.Debug|x64.Build.0 = Debug|x64
		{160A8676-9631-4037-AEC0-8F41A0B273F0}.Debug|x64.Deploy.0 = Debug|x64
		{160A8676-9631-4037-AEC0-8F41A0B273F0}.Debug|x86.ActiveCfg = Debug|x86
		{160A8676-9631-4037-AEC0-8F41A0B273F0}.Debug|x86.Build.0 = Debug|x86
		{160A8676-9631-4037-AEC0-8F41A0B273F0}.Debug|x86.Deploy.0 = Debug|x86
		{160A8676-9631-4037-AEC0-8F41A0B273F0}.Release|ARM.ActiveCfg = Release|ARM
		{160A8676-9631-4037-AEC0-8F41A0B273F0}.Release|ARM.Build.0 = Release|ARM
		{160A8676-9631-4037-AEC0-8F41A0B273F0}.Release|ARM.Deploy.0 = Release|ARM
		{160A8676-9631-4037-AEC0-8F41A0B273F0}.Release|x64.ActiveCfg = Release|x64
		{160A8676-9631-4037-AEC0-8F41A0B273F0}.Release|x64.Build.0 = Release|x64
		{160A8676-9631-4037-AEC0-8F41A0B273F0}.Release|x64.Deploy.0 = Release|x64
		{160A8676-9631-4037-AEC0-8F41A0B273F0}.Release|x86.ActiveCfg = Release|x86
		{160A8676-9631-4037-AEC0-8F41A0B273F0}.Release|x86.Build.0 = Release|x86
		{160A8676-9631-4037-AEC0-8F41A0B273F0}.Release|x86.Deploy.0 = Release|x86
	EndGlobalSection
	GlobalSection(SolutionProperties) = preSolution
		HideSolutionNode = FALSE
	EndGlobalSection
EndGlobal
